
Microsoft Visual Studio Solution File, Format Version 12.00
# Visual Studio 15
VisualStudioVersion = 15.0.28307.779
MinimumVisualStudioVersion = 10.0.40219.1
Project("{9A19103F-16F7-4668-BE54-9A1E7A4F7556}") = "HealthyFoods", "HealthyFoods\HealthyFoods.csproj", "{1E36BD2A-9EAC-43B0-B4A7-AEF4B70A5FC3}"
EndProject
Project("{FAE04EC0-301F-11D3-BF4B-00C04F79EFBC}") = "HealthyFood.Tests", "HealthyFood.Tests\HealthyFood.Tests.csproj", "{1421FBBC-4110-4869-9C03-69825C26C9C7}"
EndProject
Global
	GlobalSection(SolutionConfigurationPlatforms) = preSolution
		Debug|Any CPU = Debug|Any CPU
		Release|Any CPU = Release|Any CPU
	EndGlobalSection
	GlobalSection(ProjectConfigurationPlatforms) = postSolution
		{1E36BD2A-9EAC-43B0-B4A7-AEF4B70A5FC3}.Debug|Any CPU.ActiveCfg = Debug|Any CPU
		{1E36BD2A-9EAC-43B0-B4A7-AEF4B70A5FC3}.Debug|Any CPU.Build.0 = Debug|Any CPU
		{1E36BD2A-9EAC-43B0-B4A7-AEF4B70A5FC3}.Release|Any CPU.ActiveCfg = Release|Any CPU
		{1E36BD2A-9EAC-43B0-B4A7-AEF4B70A5FC3}.Release|Any CPU.Build.0 = Release|Any CPU
		{1421FBBC-4110-4869-9C03-69825C26C9C7}.Debug|Any CPU.ActiveCfg = Debug|Any CPU
		{1421FBBC-4110-4869-9C03-69825C26C9C7}.Debug|Any CPU.Build.0 = Debug|Any CPU
		{1421FBBC-4110-4869-9C03-69825C26C9C7}.Release|Any CPU.ActiveCfg = Release|Any CPU
		{1421FBBC-4110-4869-9C03-69825C26C9C7}.Release|Any CPU.Build.0 = Release|Any CPU
	EndGlobalSection
	GlobalSection(SolutionProperties) = preSolution
		HideSolutionNode = FALSE
	EndGlobalSection
	GlobalSection(ExtensibilityGlobals) = postSolution
		SolutionGuid = {E669F289-827F-4BA7-A145-45F16C53AA18}
	EndGlobalSection
EndGlobal
